
Microsoft Visual Studio Solution File, Format Version 12.00
Project("{FAE04EC0-301F-11D3-BF4B-00C04F79EFBC}") = "APBD5", "APBD5\APBD5.csproj", "{B7BB6C4D-E803-43FA-8FAA-AFA07DB8914A}"
EndProject
Global
	GlobalSection(SolutionConfigurationPlatforms) = preSolution
		Debug|Any CPU = Debug|Any CPU
		Release|Any CPU = Release|Any CPU
	EndGlobalSection
	GlobalSection(ProjectConfigurationPlatforms) = postSolution
		{B7BB6C4D-E803-43FA-8FAA-AFA07DB8914A}.Debug|Any CPU.ActiveCfg = Debug|Any CPU
		{B7BB6C4D-E803-43FA-8FAA-AFA07DB8914A}.Debug|Any CPU.Build.0 = Debug|Any CPU
		{B7BB6C4D-E803-43FA-8FAA-AFA07DB8914A}.Release|Any CPU.ActiveCfg = Release|Any CPU
		{B7BB6C4D-E803-43FA-8FAA-AFA07DB8914A}.Release|Any CPU.Build.0 = Release|Any CPU
	EndGlobalSection
EndGlobal
